
Microsoft Visual Studio Solution File, Format Version 12.00
# Visual Studio Version 17
VisualStudioVersion = 17.6.33723.286
MinimumVisualStudioVersion = 10.0.40219.1
Project("{FAE04EC0-301F-11D3-BF4B-00C04F79EFBC}") = "PruebaTecnica", "PruebaTecnica\PruebaTecnica.csproj", "{A44947F4-DA83-42E4-BA87-37894BE18D5A}"
EndProject
Global
	GlobalSection(SolutionConfigurationPlatforms) = preSolution
		Debug|Any CPU = Debug|Any CPU
		Release|Any CPU = Release|Any CPU
	EndGlobalSection
	GlobalSection(ProjectConfigurationPlatforms) = postSolution
		{A44947F4-DA83-42E4-BA87-37894BE18D5A}.Debug|Any CPU.ActiveCfg = Debug|Any CPU
		{A44947F4-DA83-42E4-BA87-37894BE18D5A}.Debug|Any CPU.Build.0 = Debug|Any CPU
		{A44947F4-DA83-42E4-BA87-37894BE18D5A}.Release|Any CPU.ActiveCfg = Release|Any CPU
		{A44947F4-DA83-42E4-BA87-37894BE18D5A}.Release|Any CPU.Build.0 = Release|Any CPU
	EndGlobalSection
	GlobalSection(SolutionProperties) = preSolution
		HideSolutionNode = FALSE
	EndGlobalSection
	GlobalSection(ExtensibilityGlobals) = postSolution
		SolutionGuid = {FCDEE5EC-6378-491A-AA9B-E16C3A828B4E}
	EndGlobalSection
EndGlobal
